
Microsoft Visual Studio Solution File, Format Version 12.00
# Visual Studio Version 16
VisualStudioVersion = 16.0.30621.155
MinimumVisualStudioVersion = 10.0.40219.1
Project("{FAE04EC0-301F-11D3-BF4B-00C04F79EFBC}") = "FloorTilingOptimization", "FloorTilingOptimization\FloorTilingOptimization.csproj", "{E785E01F-F0DA-4565-8C0A-CF27D94A1A01}"
EndProject
Global
	GlobalSection(SolutionConfigurationPlatforms) = preSolution
		Debug|Any CPU = Debug|Any CPU
		Release|Any CPU = Release|Any CPU
	EndGlobalSection
	GlobalSection(ProjectConfigurationPlatforms) = postSolution
		{E785E01F-F0DA-4565-8C0A-CF27D94A1A01}.Debug|Any CPU.ActiveCfg = Debug|Any CPU
		{E785E01F-F0DA-4565-8C0A-CF27D94A1A01}.Debug|Any CPU.Build.0 = Debug|Any CPU
		{E785E01F-F0DA-4565-8C0A-CF27D94A1A01}.Release|Any CPU.ActiveCfg = Release|Any CPU
		{E785E01F-F0DA-4565-8C0A-CF27D94A1A01}.Release|Any CPU.Build.0 = Release|Any CPU
	EndGlobalSection
	GlobalSection(SolutionProperties) = preSolution
		HideSolutionNode = FALSE
	EndGlobalSection
	GlobalSection(ExtensibilityGlobals) = postSolution
		SolutionGuid = {E88EF256-4318-4281-BBE6-79B3F09DFE2E}
	EndGlobalSection
EndGlobal
